
Microsoft Visual Studio Solution File, Format Version 12.00
# Visual Studio Version 16
VisualStudioVersion = 16.0.29926.136
MinimumVisualStudioVersion = 10.0.40219.1
Project("{FAE04EC0-301F-11D3-BF4B-00C04F79EFBC}") = "Project", "Project\Project.csproj", "{479BAD56-7580-46EC-99A2-F9D4585F14CD}"
EndProject
Project("{FAE04EC0-301F-11D3-BF4B-00C04F79EFBC}") = "ClassLibrary", "ClassLibrary\ClassLibrary.csproj", "{16BA16D4-6001-4EC2-8CFD-D447FE183D2B}"
EndProject
Project("{FAE04EC0-301F-11D3-BF4B-00C04F79EFBC}") = "ClassLibraryBilling", "ClassLibraryBilling\ClassLibraryBilling.csproj", "{87484630-71B3-423F-A5A1-CF2519E9276C}"
EndProject
Global
	GlobalSection(SolutionConfigurationPlatforms) = preSolution
		Debug|Any CPU = Debug|Any CPU
		Release|Any CPU = Release|Any CPU
	EndGlobalSection
	GlobalSection(ProjectConfigurationPlatforms) = postSolution
		{479BAD56-7580-46EC-99A2-F9D4585F14CD}.Debug|Any CPU.ActiveCfg = Debug|Any CPU
		{479BAD56-7580-46EC-99A2-F9D4585F14CD}.Debug|Any CPU.Build.0 = Debug|Any CPU
		{479BAD56-7580-46EC-99A2-F9D4585F14CD}.Release|Any CPU.ActiveCfg = Release|Any CPU
		{479BAD56-7580-46EC-99A2-F9D4585F14CD}.Release|Any CPU.Build.0 = Release|Any CPU
		{16BA16D4-6001-4EC2-8CFD-D447FE183D2B}.Debug|Any CPU.ActiveCfg = Debug|Any CPU
		{16BA16D4-6001-4EC2-8CFD-D447FE183D2B}.Debug|Any CPU.Build.0 = Debug|Any CPU
		{16BA16D4-6001-4EC2-8CFD-D447FE183D2B}.Release|Any CPU.ActiveCfg = Release|Any CPU
		{16BA16D4-6001-4EC2-8CFD-D447FE183D2B}.Release|Any CPU.Build.0 = Release|Any CPU
		{87484630-71B3-423F-A5A1-CF2519E9276C}.Debug|Any CPU.ActiveCfg = Debug|Any CPU
		{87484630-71B3-423F-A5A1-CF2519E9276C}.Debug|Any CPU.Build.0 = Debug|Any CPU
		{87484630-71B3-423F-A5A1-CF2519E9276C}.Release|Any CPU.ActiveCfg = Release|Any CPU
		{87484630-71B3-423F-A5A1-CF2519E9276C}.Release|Any CPU.Build.0 = Release|Any CPU
	EndGlobalSection
	GlobalSection(SolutionProperties) = preSolution
		HideSolutionNode = FALSE
	EndGlobalSection
	GlobalSection(ExtensibilityGlobals) = postSolution
		SolutionGuid = {C3FABB30-1CF6-4083-8B8E-CBFAD197696C}
	EndGlobalSection
EndGlobal
